version = 1
requires-python = ">=3.6, <4.0"

[[package]]
name = "atomicwrites"
version = "1.4.1"
source = { registry = "https://pypi.org/simple" }
sdist = { url = "https://files.pythonhosted.org/packages/87/c6/53da25344e3e3a9c01095a89f16dbcda021c609ddb42dd6d7c0528236fb2/atomicwrites-1.4.1.tar.gz", hash = "sha256:81b2c9071a49367a7f770170e5eec8cb66567cfbbc8c73d20ce5ca4a8d71cf11", size = 14227 }

[[package]]
name = "attrs"
version = "22.1.0"
source = { registry = "https://pypi.org/simple" }
sdist = { url = "https://files.pythonhosted.org/packages/1a/cb/c4ffeb41e7137b23755a45e1bfec9cbb76ecf51874c6f1d113984ecaa32c/attrs-22.1.0.tar.gz", hash = "sha256:29adc2665447e5191d0e7c568fde78b21f9672d344281d0c6e1ab085429b22b6", size = 201288 }
wheels = [
    { url = "https://files.pythonhosted.org/packages/f2/bc/d817287d1aa01878af07c19505fafd1165cd6a119e9d0821ca1d1c20312d/attrs-22.1.0-py2.py3-none-any.whl", hash = "sha256:86efa402f67bf2df34f51a335487cf46b1ec130d02b8d39fd248abfd30da551c", size = 58795 },
]

[[package]]
name = "colorama"
version = "0.4.5"
source = { registry = "https://pypi.org/simple" }
sdist = { url = "https://files.pythonhosted.org/packages/2b/65/24d033a9325ce42ccbfa3ca2d0866c7e89cc68e5b9d92ecaba9feef631df/colorama-0.4.5.tar.gz", hash = "sha256:e6c6b4334fc50988a639d9b98aa429a0b57da6e17b9a44f0451f930b6967b7a4", size = 27469 }
wheels = [
    { url = "https://files.pythonhosted.org/packages/77/8b/7550e87b2d308a1b711725dfaddc19c695f8c5fa413c640b2be01662f4e6/colorama-0.4.5-py2.py3-none-any.whl", hash = "sha256:854bf444933e37f5824ae7bfc1e98d5bce2ebe4160d46b5edf346a89358e99da", size = 16204 },
]

[[package]]
name = "coverage"
version = "6.2"
source = { registry = "https://pypi.org/simple" }
sdist = { url = "https://files.pythonhosted.org/packages/80/f4/e7d2c659aca9db9edd2f58a604a79756e332c8b20659ed6d8b116c21baad/coverage-6.2.tar.gz", hash = "sha256:e2cad8093172b7d1595b4ad66f24270808658e11acf43a8f95b41276162eb5b8", size = 678664 }
wheels = [
    { url = "https://files.pythonhosted.org/packages/40/d5/7b5db2f261f822d2414338795bd854ffd2211228207b7b60869a61b64f83/coverage-6.2-cp310-cp310-macosx_10_9_x86_64.whl", hash = "sha256:6dbc1536e105adda7a6312c778f15aaabe583b0e9a0b0a324990334fd458c94b", size = 179560 },
    { url = "https://files.pythonhosted.org/packages/00/dc/fa0481e9840b780d770f698f5a50f591ce2009e5dfbbc9ce469536a219b0/coverage-6.2-cp310-cp310-manylinux_2_17_aarch64.manylinux2014_aarch64.whl", hash = "sha256:174cf9b4bef0db2e8244f82059a5a72bd47e1d40e71c68ab055425172b16b7d0", size = 207969 },
    { url = "https://files.pythonhosted.org/packages/80/75/7004d81e2e110e401d5d1252ba7b2f25ad67a5219514f5266a67fe755025/coverage-6.2-cp310-cp310-manylinux_2_5_i686.manylinux1_i686.manylinux_2_12_i686.manylinux2010_i686.whl", hash = "sha256:92b8c845527eae547a2a6617d336adc56394050c3ed8a6918683646328fbb6da", size = 214141 },
    { url = "https://files.pythonhosted.org/packages/da/64/468ca923e837285bd0b0a60bd9a287945d6b68e325705b66b368c07518b1/coverage-6.2-cp310-cp310-manylinux_2_5_x86_64.manylinux1_x86_64.manylinux_2_12_x86_64.manylinux2010_x86_64.whl", hash = "sha256:c7912d1526299cb04c88288e148c6c87c0df600eca76efd99d84396cfe00ef1d", size = 215544 },
    { url = "https://files.pythonhosted.org/packages/55/69/8c4522133459b3a7b383eac51d32a4caf766e91b5890248d98135147843b/coverage-6.2-cp310-cp310-musllinux_1_1_aarch64.whl", hash = "sha256:d5d2033d5db1d58ae2d62f095e1aefb6988af65b4b12cb8987af409587cc0739", size = 213066 },
    { url = "https://files.pythonhosted.org/packages/94/0f/96b8332f06de5305f2a64c0c8c04b56515863e6152c6010e54cbf78b38ec/coverage-6.2-cp310-cp310-musllinux_1_1_i686.whl", hash = "sha256:3feac4084291642165c3a0d9eaebedf19ffa505016c4d3db15bfe235718d4971", size = 211404 },
    { url = "https://files.pythonhosted.org/packages/17/d6/a29f2cccacf2315150c31d8685b4842a6e7609279939a478725219794355/coverage-6.2-cp310-cp310-musllinux_1_1_x86_64.whl", hash = "sha256:276651978c94a8c5672ea60a2656e95a3cce2a3f31e9fb2d5ebd4c215d095840", size = 212463 },
    { url = "https://files.pythonhosted.org/packages/d0/ee/78416804c2ea8f16fbc0f6c8d0370c1d2a9e424d16089e4745381849d067/coverage-6.2-cp310-cp310-win32.whl", hash = "sha256:f506af4f27def639ba45789fa6fde45f9a217da0be05f8910458e4557eed020c", size = 182208 },
    { url = "https://files.pythonhosted.org/packages/ea/52/b744953b5422f92fccc89d96683b60a3eceda35006c07260a3c56a298c67/coverage-6.2-cp310-cp310-win_amd64.whl", hash = "sha256:3f7c17209eef285c86f819ff04a6d4cbee9b33ef05cbcaae4c0b4e8e06b3ec8f", size = 183383 },
    { url = "https://files.pythonhosted.org/packages/c2/c1/7d7c1960b80383f24adb010b5957d8e6847621125dae8d8393172ed3de13/coverage-6.2-cp311-cp311-macosx_10_14_x86_64.whl", hash = "sha256:13362889b2d46e8d9f97c421539c97c963e34031ab0cb89e8ca83a10cc71ac76", size = 179500 },
    { url = "https://files.pythonhosted.org/packages/d3/e8/af92f858651a3a819e16e6490a11299f3ea03ac16df5f5cae47b54f037ca/coverage-6.2-cp311-cp311-manylinux_2_5_x86_64.manylinux1_x86_64.whl", hash = "sha256:22e60a3ca5acba37d1d4a2ee66e051f5b0e1b9ac950b5b0cf4aa5366eda41d47", size = 217729 },
    { url = "https://files.pythonhosted.org/packages/06/1a/06ebf8430a2d821f022ab3fb57905df075f10e03612b9e2306d306addf92/coverage-6.2-cp311-cp311-win_amd64.whl", hash = "sha256:b637c57fdb8be84e91fac60d9325a66a5981f8086c954ea2772efe28425eaf64", size = 183391 },
    { url = "https://files.pythonhosted.org/packages/17/38/14ec6016feaa0202545b133c4bb4a5595af9cffada24dbf7c2761d1529d4/coverage-6.2-cp36-cp36m-macosx_10_9_x86_64.whl", hash = "sha256:f467bbb837691ab5a8ca359199d3429a11a01e6dfb3d9dcc676dc035ca93c0a9", size = 179365 },
    { url = "https://files.pythonhosted.org/packages/17/ac/2e8792ded5b0b3998bc66b13899404a512d4ce648618b21b0cfdaf2c1cf6/coverage-6.2-cp36-cp36m-manylinux_2_17_aarch64.manylinux2014_aarch64.whl", hash = "sha256:2641f803ee9f95b1f387f3e8f3bf28d83d9b69a39e9911e5bfee832bea75240d", size = 204640 },
    { url = "https://files.pythonhosted.org/packages/e2/76/5f3341b4ecf72235fe5566633a37e4eb9c89e54ead015f27820d43ea090d/coverage-6.2-cp36-cp36m-manylinux_2_5_i686.manylinux1_i686.manylinux_2_12_i686.manylinux2010_i686.whl", hash = "sha256:1219d760ccfafc03c0822ae2e06e3b1248a8e6d1a70928966bafc6838d3c9e48", size = 211420 },
    { url = "https://files.pythonhosted.org/packages/4c/0b/731e558a762ed89478e2badc388443b30ebb0a975c335ae60e24b52d5b00/coverage-6.2-cp36-cp36m-manylinux_2_5_x86_64.manylinux1_x86_64.manylinux_2_12_x86_64.manylinux2010_x86_64.whl", hash = "sha256:9a2b5b52be0a8626fcbffd7e689781bf8c2ac01613e77feda93d96184949a98e", size = 212418 },
    { url = "https://files.pythonhosted.org/packages/f9/04/ea1a10745ce27ea7a18dc194fa07f5ffd80af451ed4d8adf8f1a8478cf36/coverage-6.2-cp36-cp36m-musllinux_1_1_aarch64.whl", hash = "sha256:8e2c35a4c1f269704e90888e56f794e2d9c0262fb0c1b1c8c4ee44d9b9e77b5d", size = 209355 },
    { url = "https://files.pythonhosted.org/packages/ed/3a/03b1563377c52e05945bc815073991a973dd4229f35cb0ec98e4c3b8e4d7/coverage-6.2-cp36-cp36m-musllinux_1_1_i686.whl", hash = "sha256:5d6b09c972ce9200264c35a1d53d43ca55ef61836d9ec60f0d44273a31aa9f17", size = 207954 },
    { url = "https://files.pythonhosted.org/packages/bd/b1/769cc9481d5ed1b3dc8d92e218d281d90b92591242086daadc379779e2e4/coverage-6.2-cp36-cp36m-musllinux_1_1_x86_64.whl", hash = "sha256:e3db840a4dee542e37e09f30859f1612da90e1c5239a6a2498c473183a50e781", size = 209005 },
    { url = "https://files.pythonhosted.org/packages/6b/29/fc44d8a5c7283091520d65140bafdfbd12524e07791609bef2b89eb16ecd/coverage-6.2-cp36-cp36m-win32.whl", hash = "sha256:4e547122ca2d244f7c090fe3f4b5a5861255ff66b7ab6d98f44a0222aaf8671a", size = 182236 },
    { url = "https://files.pythonhosted.org/packages/3d/5d/c067d19e5ee1c39962d199b43568091d0f66c9913d625dee300c84764fbf/coverage-6.2-cp36-cp36m-win_amd64.whl", hash = "sha256:01774a2c2c729619760320270e42cd9e797427ecfddd32c2a7b639cdc481f3c0", size = 183241 },
    { url = "https://files.pythonhosted.org/packages/24/c0/8bf5b0419956049211dc1608fc4de8bf961172f5455780a530c658700c43/coverage-6.2-cp37-cp37m-macosx_10_9_x86_64.whl", hash = "sha256:fb8b8ee99b3fffe4fd86f4c81b35a6bf7e4462cba019997af2fe679365db0c49", size = 179365 },
    { url = "https://files.pythonhosted.org/packages/ff/a0/96d3a58fdb2413b45e3593bf7f57ea0801ae97f6bd4ebc4fe2e013b96241/coverage-6.2-cp37-cp37m-manylinux_2_17_aarch64.manylinux2014_aarch64.whl", hash = "sha256:619346d57c7126ae49ac95b11b0dc8e36c1dd49d148477461bb66c8cf13bb521", size = 204641 },
    { url = "https://files.pythonhosted.org/packages/c9/01/2766873baf557339edd406f17b8c3b3821f42b31cc83ee83b76019337ccd/coverage-6.2-cp37-cp37m-manylinux_2_5_i686.manylinux1_i686.manylinux_2_12_i686.manylinux2010_i686.whl", hash = "sha256:0a7726f74ff63f41e95ed3a89fef002916c828bb5fcae83b505b49d81a066884", size = 212959 },
    { url = "https://files.pythonhosted.org/packages/e2/78/e7f9f4e28c237f3909ed184939cae5bf19e6507459185286afcacb730578/coverage-6.2-cp37-cp37m-manylinux_2_5_x86_64.manylinux1_x86_64.manylinux_2_12_x86_64.manylinux2010_x86_64.whl", hash = "sha256:cfd9386c1d6f13b37e05a91a8583e802f8059bebfccde61a418c5808dea6bbfa", size = 213925 },
    { url = "https://files.pythonhosted.org/packages/a8/ef/c4bbf88286a230f1ad6e239680639fc49bfe5fe6feea376232ca780d11da/coverage-6.2-cp37-cp37m-musllinux_1_1_aarch64.whl", hash = "sha256:17e6c11038d4ed6e8af1407d9e89a2904d573be29d51515f14262d7f10ef0a64", size = 210811 },
    { url = "https://files.pythonhosted.org/packages/e0/f3/5f32d19a0fffba7b0b40123e96162665cc4470aa718dfa56af59a7763618/coverage-6.2-cp37-cp37m-musllinux_1_1_i686.whl", hash = "sha256:c254b03032d5a06de049ce8bca8338a5185f07fb76600afff3c161e053d88617", size = 209344 },
    { url = "https://files.pythonhosted.org/packages/22/97/123a4f218f1c809c7b875eb5d91a00a2692cfc4a0c1c5f98a6d943b39e8f/coverage-6.2-cp37-cp37m-musllinux_1_1_x86_64.whl", hash = "sha256:dca38a21e4423f3edb821292e97cec7ad38086f84313462098568baedf4331f8", size = 210429 },
    { url = "https://files.pythonhosted.org/packages/c6/c0/dba91b86fd52388a2c6ede945eea298cd0fc913a2f2d277cd8c35617ec30/coverage-6.2-cp37-cp37m-win32.whl", hash = "sha256:600617008aa82032ddeace2535626d1bc212dfff32b43989539deda63b3f36e4", size = 182238 },
    { url = "https://files.pythonhosted.org/packages/87/f5/8cc271f3eac0bed756d8ba4d6fcc1aa9671a40258d72823c17f2f1645c64/coverage-6.2-cp37-cp37m-win_amd64.whl", hash = "sha256:bf154ba7ee2fd613eb541c2bc03d3d9ac667080a737449d1a3fb342740eb1a74", size = 183245 },
    { url = "https://files.pythonhosted.org/packages/5c/49/8be88365773b7fd016fd315ac4a76f8296c92840616fc5992b97744d3f0f/coverage-6.2-cp38-cp38-macosx_10_9_x86_64.whl", hash = "sha256:f9afb5b746781fc2abce26193d1c817b7eb0e11459510fba65d2bd77fe161d9e", size = 179535 },
    { url = "https://files.pythonhosted.org/packages/56/19/284085d9f5283bba6740a83b75f062796fba7641e13cc7958396a0ca5ad8/coverage-6.2-cp38-cp38-manylinux_2_17_aarch64.manylinux2014_aarch64.whl", hash = "sha256:edcada2e24ed68f019175c2b2af2a8b481d3d084798b8c20d15d34f5c733fa58", size = 209059 },
    { url = "https://files.pythonhosted.org/packages/09/76/05ab224f30332fa81942c08510d52ec7d8bcf63b2144184e446b3f0e9cfa/coverage-6.2-cp38-cp38-manylinux_2_5_i686.manylinux1_i686.manylinux_2_12_i686.manylinux2010_i686.whl", hash = "sha256:a9c8c4283e17690ff1a7427123ffb428ad6a52ed720d550e299e8291e33184dc", size = 215770 },
    { url = "https://files.pythonhosted.org/packages/7e/e3/070abaee5e797fac1a6cad975f1e2f3b53f92d72a6d72d909ec2e5399cfd/coverage-6.2-cp38-cp38-manylinux_2_5_x86_64.manylinux1_x86_64.manylinux_2_12_x86_64.manylinux2010_x86_64.whl", hash = "sha256:f614fc9956d76d8a88a88bb41ddc12709caa755666f580af3a688899721efecd", size = 217103 },
    { url = "https://files.pythonhosted.org/packages/be/fb/b8e8a8da8da948329a1f177c6cd561b4ae743e5539d1ad41bcba64e5c1ab/coverage-6.2-cp38-cp38-musllinux_1_1_aarch64.whl", hash = "sha256:9365ed5cce5d0cf2c10afc6add145c5037d3148585b8ae0e77cc1efdd6aa2953", size = 213907 },
    { url = "https://files.pythonhosted.org/packages/e3/c0/47e8a7ae4128a5051c599bd659725a396562856ff1069628047f32bf62dd/coverage-6.2-cp38-cp38-musllinux_1_1_i686.whl", hash = "sha256:8bdfe9ff3a4ea37d17f172ac0dff1e1c383aec17a636b9b35906babc9f0f5475", size = 212489 },
    { url = "https://files.pythonhosted.org/packages/82/49/77999dbdee6e2c59198b5b139acfcbc0091ef14bed672954ef9329431822/coverage-6.2-cp38-cp38-musllinux_1_1_x86_64.whl", hash = "sha256:63c424e6f5b4ab1cf1e23a43b12f542b0ec2e54f99ec9f11b75382152981df57", size = 213369 },
    { url = "https://files.pythonhosted.org/packages/bb/29/58a6761335033dc6a7ff429285f6a29b9bdddd55bfbdb28108a1725697f7/coverage-6.2-cp38-cp38-win32.whl", hash = "sha256:49dbff64961bc9bdd2289a2bda6a3a5a331964ba5497f694e2cbd540d656dc1c", size = 182231 },
    { url = "https://files.pythonhosted.org/packages/a9/b3/91ebc34d1ae50cc1b11a542af2fc572eb33f4c096a9f1456b8242045b150/coverage-6.2-cp38-cp38-win_amd64.whl", hash = "sha256:9a29311bd6429be317c1f3fe4bc06c4c5ee45e2fa61b2a19d4d1d6111cb94af2", size = 183390 },
    { url = "https://files.pythonhosted.org/packages/23/d7/460f7c638f252d56b7cff61f7d437a3058b633687069a4137f5937d288bf/coverage-6.2-cp39-cp39-macosx_10_9_x86_64.whl", hash = "sha256:03b20e52b7d31be571c9c06b74746746d4eb82fc260e594dc662ed48145e9efd", size = 179545 },
    { url = "https://files.pythonhosted.org/packages/e6/c1/837505d543e747c395efd8ab745eeb8ea794b8645c8c76977f1b27fe2748/coverage-6.2-cp39-cp39-manylinux_2_17_aarch64.manylinux2014_aarch64.whl", hash = "sha256:215f8afcc02a24c2d9a10d3790b21054b58d71f4b3c6f055d4bb1b15cecce685", size = 207571 },
    { url = "https://files.pythonhosted.org/packages/0c/36/59aaace76780a4d1aab32eab3881a009a29847448a917ef38ae6f1928533/coverage-6.2-cp39-cp39-manylinux_2_5_i686.manylinux1_i686.manylinux_2_12_i686.manylinux2010_i686.whl", hash = "sha256:a4bdeb0a52d1d04123b41d90a4390b096f3ef38eee35e11f0b22c2d031222c6c", size = 213714 },
    { url = "https://files.pythonhosted.org/packages/d2/41/87d1e548a0418b24cff9c60815ea2cc2d0e0cd4891337a24236a30a1d141/coverage-6.2-cp39-cp39-manylinux_2_5_x86_64.manylinux1_x86_64.manylinux_2_12_x86_64.manylinux2010_x86_64.whl", hash = "sha256:c332d8f8d448ded473b97fefe4a0983265af21917d8b0cdcb8bb06b2afe632c3", size = 215062 },
    { url = "https://files.pythonhosted.org/packages/2c/17/1fee5923c315b60911ed161210c97631fce5f33581f6d6547bf0d0b68751/coverage-6.2-cp39-cp39-win32.whl", hash = "sha256:6e1394d24d5938e561fbeaa0cd3d356207579c28bd1792f25a068743f2d5b282", size = 182216 },
    { url = "https://files.pythonhosted.org/packages/76/c7/d84ea255df01c3544793d479b581032af6948cbd7ff063df3c7cbd533dce/coverage-6.2-cp39-cp39-win_amd64.whl", hash = "sha256:86f2e78b1eff847609b1ca8050c9e1fa3bd44ce755b2ec30e70f2d3ba3844644", size = 183374 },
    { url = "https://files.pythonhosted.org/packages/58/d5/45d0c648099b9a2da324cd9a92f55cd2e93dca1285cec781d86c5610a125/coverage-6.2-pp36.pp37.pp38-none-any.whl", hash = "sha256:5829192582c0ec8ca4a2532407bc14c2f338d9878a10442f5d03804a95fac9de", size = 172056 },
]

[[package]]
name = "importlib-metadata"
version = "4.8.3"
source = { registry = "https://pypi.org/simple" }
dependencies = [
    { name = "typing-extensions", marker = "python_full_version < '3.8'" },
    { name = "zipp", marker = "python_full_version < '3.8'" },
]
sdist = { url = "https://files.pythonhosted.org/packages/85/ed/e65128cc5cb1580f22ee3009d9187ecdfcc43ffb3b581fe854b24e87d8e7/importlib_metadata-4.8.3.tar.gz", hash = "sha256:766abffff765960fcc18003801f7044eb6755ffae4521c8e8ce8e83b9c9b0668", size = 41979 }
wheels = [
    { url = "https://files.pythonhosted.org/packages/a0/a1/b153a0a4caf7a7e3f15c2cd56c7702e2cf3d89b1b359d1f1c5e59d68f4ce/importlib_metadata-4.8.3-py3-none-any.whl", hash = "sha256:65a9576a5b2d58ca44d133c42a241905cc45e34d2c06fd5ba2bafa221e5d7b5e", size = 17978 },
]

[[package]]
name = "iniconfig"
version = "1.1.1"
source = { registry = "https://pypi.org/simple" }
sdist = { url = "https://files.pythonhosted.org/packages/23/a2/97899f6bd0e873fed3a7e67ae8d3a08b21799430fb4da15cfedf10d6e2c2/iniconfig-1.1.1.tar.gz", hash = "sha256:bc3af051d7d14b2ee5ef9969666def0cd1a000e121eaea580d4a313df4b37f32", size = 8104 }
wheels = [
    { url = "https://files.pythonhosted.org/packages/9b/dd/b3c12c6d707058fa947864b67f0c4e0c39ef8610988d7baea9578f3c48f3/iniconfig-1.1.1-py2.py3-none-any.whl", hash = "sha256:011e24c64b7f47f6ebd835bb12a743f2fbe9a26d4cecaa7f53bc4f35ee9da8b3", size = 4990 },
]

[[package]]
name = "mflt-build-id"
version = "1.0.2"
source = { virtual = "." }
dependencies = [
    { name = "pyelftools" },
]

[package.dev-dependencies]
dev = [
    { name = "pytest" },
    { name = "pytest-cov" },
    { name = "pytest-timeout" },
    { name = "wasmer" },
]

[package.metadata]
requires-dist = [{ name = "pyelftools", specifier = ">=0.31,<0.32" }]

[package.metadata.requires-dev]
dev = [
    { name = "pytest", specifier = ">=6" },
    { name = "pytest-cov", specifier = ">=2,<3" },
    { name = "pytest-timeout", specifier = ">=2.0,<3.0" },
    { name = "wasmer", specifier = "==0.3.0" },
]

[[package]]
name = "packaging"
version = "21.3"
source = { registry = "https://pypi.org/simple" }
dependencies = [
    { name = "pyparsing" },
]
sdist = { url = "https://files.pythonhosted.org/packages/df/9e/d1a7217f69310c1db8fdf8ab396229f55a699ce34a203691794c5d1cad0c/packaging-21.3.tar.gz", hash = "sha256:dd47c42927d89ab911e606518907cc2d3a1f38bbd026385970643f9c5b8ecfeb", size = 84848 }
wheels = [
    { url = "https://files.pythonhosted.org/packages/05/8e/8de486cbd03baba4deef4142bd643a3e7bbe954a784dc1bb17142572d127/packaging-21.3-py3-none-any.whl", hash = "sha256:ef103e05f519cdc783ae24ea4e2e0f508a9c99b2d4969652eed6a2e1ea5bd522", size = 40750 },
]

[[package]]
name = "pluggy"
version = "1.0.0"
source = { registry = "https://pypi.org/simple" }
dependencies = [
    { name = "importlib-metadata", marker = "python_full_version < '3.8'" },
]
sdist = { url = "https://files.pythonhosted.org/packages/a1/16/db2d7de3474b6e37cbb9c008965ee63835bba517e22cdb8c35b5116b5ce1/pluggy-1.0.0.tar.gz", hash = "sha256:4224373bacce55f955a878bf9cfa763c1e360858e330072059e10bad68531159", size = 51510 }
wheels = [
    { url = "https://files.pythonhosted.org/packages/9e/01/f38e2ff29715251cf25532b9082a1589ab7e4f571ced434f98d0139336dc/pluggy-1.0.0-py2.py3-none-any.whl", hash = "sha256:74134bbf457f031a36d68416e1509f34bd5ccc019f0bcc952c7b909d06b37bd3", size = 13667 },
]

[[package]]
name = "py"
version = "1.11.0"
source = { registry = "https://pypi.org/simple" }
sdist = { url = "https://files.pythonhosted.org/packages/98/ff/fec109ceb715d2a6b4c4a85a61af3b40c723a961e8828319fbcb15b868dc/py-1.11.0.tar.gz", hash = "sha256:51c75c4126074b472f746a24399ad32f6053d1b34b68d2fa41e558e6f4a98719", size = 207796 }
wheels = [
    { url = "https://files.pythonhosted.org/packages/f6/f0/10642828a8dfb741e5f3fbaac830550a518a775c7fff6f04a007259b0548/py-1.11.0-py2.py3-none-any.whl", hash = "sha256:607c53218732647dff4acdfcd50cb62615cedf612e72d1724fb1a0cc6405b378", size = 98708 },
]

[[package]]
name = "pyelftools"
version = "0.31"
source = { registry = "https://pypi.org/simple" }
sdist = { url = "https://files.pythonhosted.org/packages/88/56/0f2d69ed9a0060da009f672ddec8a71c041d098a66f6b1d80264bf6bbdc0/pyelftools-0.31.tar.gz", hash = "sha256:c774416b10310156879443b81187d182d8d9ee499660380e645918b50bc88f99", size = 14108889 }
wheels = [
    { url = "https://files.pythonhosted.org/packages/f8/64/711030d9fe9ccaf6ee3ab1bcf4801c6bb3d0e585af18824a50b016b4f39c/pyelftools-0.31-py3-none-any.whl", hash = "sha256:f52de7b3c7e8c64c8abc04a79a1cf37ac5fb0b8a49809827130b858944840607", size = 180473 },
]

[[package]]
name = "pyparsing"
version = "3.0.7"
source = { registry = "https://pypi.org/simple" }
sdist = { url = "https://files.pythonhosted.org/packages/d6/60/9bed18f43275b34198eb9720d4c1238c68b3755620d20df0afd89424d32b/pyparsing-3.0.7.tar.gz", hash = "sha256:18ee9022775d270c55187733956460083db60b37d0d0fb357445f3094eed3eea", size = 884709 }
wheels = [
    { url = "https://files.pythonhosted.org/packages/80/c1/23fd82ad3121656b585351aba6c19761926bb0db2ebed9e4ff09a43a3fcc/pyparsing-3.0.7-py3-none-any.whl", hash = "sha256:a6c06a88f252e6c322f65faf8f418b16213b51bdfaece0524c1c1bc30c63c484", size = 98049 },
]

[[package]]
name = "pytest"
version = "6.2.5"
source = { registry = "https://pypi.org/simple" }
dependencies = [
    { name = "atomicwrites", marker = "sys_platform == 'win32'" },
    { name = "attrs" },
    { name = "colorama", marker = "sys_platform == 'win32'" },
    { name = "importlib-metadata", marker = "python_full_version < '3.8'" },
    { name = "iniconfig" },
    { name = "packaging" },
    { name = "pluggy" },
    { name = "py" },
    { name = "toml" },
]
sdist = { url = "https://files.pythonhosted.org/packages/4b/24/7d1f2d2537de114bdf1e6875115113ca80091520948d370c964b88070af2/pytest-6.2.5.tar.gz", hash = "sha256:131b36680866a76e6781d13f101efb86cf674ebb9762eb70d3082b6f29889e89", size = 1118720 }
wheels = [
    { url = "https://files.pythonhosted.org/packages/40/76/86f886e750b81a4357b6ed606b2bcf0ce6d6c27ad3c09ebf63ed674fc86e/pytest-6.2.5-py3-none-any.whl", hash = "sha256:7310f8d27bc79ced999e760ca304d69f6ba6c6649c0b60fb0e04a4a77cacc134", size = 280654 },
]

[[package]]
name = "pytest-cov"
version = "2.12.1"
source = { registry = "https://pypi.org/simple" }
dependencies = [
    { name = "coverage" },
    { name = "pytest" },
    { name = "toml" },
]
sdist = { url = "https://files.pythonhosted.org/packages/63/3a/747e953051fd6eb5fb297907a825aad43d94c556d3b9938fc21f3172879f/pytest-cov-2.12.1.tar.gz", hash = "sha256:261ceeb8c227b726249b376b8526b600f38667ee314f910353fa318caa01f4d7", size = 60395 }
wheels = [
    { url = "https://files.pythonhosted.org/packages/ba/84/576b071aef9ac9301e5c0ff35d117e12db50b87da6f12e745e9c5f745cc2/pytest_cov-2.12.1-py2.py3-none-any.whl", hash = "sha256:261bb9e47e65bd099c89c3edf92972865210c36813f80ede5277dceb77a4a62a", size = 20441 },
]

[[package]]
name = "pytest-timeout"
version = "2.1.0"
source = { registry = "https://pypi.org/simple" }
dependencies = [
    { name = "pytest" },
]
sdist = { url = "https://files.pythonhosted.org/packages/ef/30/37abbd50f86cb802cbcea50d68688438de1a7446d73c8ed8d048173b4b13/pytest-timeout-2.1.0.tar.gz", hash = "sha256:c07ca07404c612f8abbe22294b23c368e2e5104b521c1790195561f37e1ac3d9", size = 18386 }
wheels = [
    { url = "https://files.pythonhosted.org/packages/23/02/c85ca1e18e0c00d5ee45f4012f241098c8995294e1178367cb638a26b6c8/pytest_timeout-2.1.0-py3-none-any.whl", hash = "sha256:f6f50101443ce70ad325ceb4473c4255e9d74e3c7cd0ef827309dfa4c0d975c6", size = 12701 },
]

[[package]]
name = "toml"
version = "0.10.2"
source = { registry = "https://pypi.org/simple" }
sdist = { url = "https://files.pythonhosted.org/packages/be/ba/1f744cdc819428fc6b5084ec34d9b30660f6f9daaf70eead706e3203ec3c/toml-0.10.2.tar.gz", hash = "sha256:b3bda1d108d5dd99f4a20d24d9c348e91c4db7ab1b749200bded2f839ccbe68f", size = 22253 }
wheels = [
    { url = "https://files.pythonhosted.org/packages/44/6f/7120676b6d73228c96e17f1f794d8ab046fc910d781c8d151120c3f1569e/toml-0.10.2-py2.py3-none-any.whl", hash = "sha256:806143ae5bfb6a3c6e736a764057db0e6a0e05e338b5630894a5f779cabb4f9b", size = 16588 },
]

[[package]]
name = "typing-extensions"
version = "4.1.1"
source = { registry = "https://pypi.org/simple" }
sdist = { url = "https://files.pythonhosted.org/packages/b1/5a/8b5fbb891ef3f81fc923bf3cb4a578c0abf9471eb50ce0f51c74212182ab/typing_extensions-4.1.1.tar.gz", hash = "sha256:1a9462dcc3347a79b1f1c0271fbe79e844580bb598bafa1ed208b94da3cdcd42", size = 26694 }
wheels = [
    { url = "https://files.pythonhosted.org/packages/45/6b/44f7f8f1e110027cf88956b59f2fad776cca7e1704396d043f89effd3a0e/typing_extensions-4.1.1-py3-none-any.whl", hash = "sha256:21c85e0fe4b9a155d0799430b0ad741cdce7e359660ccbd8b530613e8df88ce2", size = 26844 },
]

[[package]]
name = "wasmer"
version = "0.3.0"
source = { registry = "https://pypi.org/simple" }
wheels = [
    { url = "https://files.pythonhosted.org/packages/f3/d1/43eedf0c73e9b8af15f7382ee9dbdfac043f2424187d716f8563808346f1/wasmer-0.3.0-cp36-cp36m-macosx_10_7_x86_64.whl", hash = "sha256:4fe592b764fc09d535757682d0ced6da1037976a7eb97986fce3523779a89682", size = 994318 },
    { url = "https://files.pythonhosted.org/packages/a7/89/739e34035f355ab4aa0801f5cdda07ce50247d7feed38a6075b8962514ed/wasmer-0.3.0-cp36-cp36m-manylinux1_x86_64.whl", hash = "sha256:e547b1074e52c10f0581de415b509aa61e577f5248340a68b356938393d773c8", size = 1123467 },
    { url = "https://files.pythonhosted.org/packages/02/61/8cd89aec2149cf81c005532157471bb1e0c4837a2b9332e619454ec99ded/wasmer-0.3.0-cp37-cp37m-macosx_10_7_x86_64.whl", hash = "sha256:2edb87608daa3b46bd2520e0b5b90580fde9c805be4d92eeb98c22b29a21abc6", size = 994014 },
    { url = "https://files.pythonhosted.org/packages/ee/5f/93eac0a1c307ab97df5fd91cbb91c23dc464df604f1af62b520031abd8d7/wasmer-0.3.0-cp37-cp37m-manylinux1_x86_64.whl", hash = "sha256:fcfe2c7a9fbf323f3520ef9766b82e80cd433d7f8c87ff084b18bcde716923af", size = 1123064 },
    { url = "https://files.pythonhosted.org/packages/c8/91/03f6a73ebce72f0bc208314403d74bf6b11082f689e9693a3dfafd75b105/wasmer-0.3.0-py3-none-any.whl", hash = "sha256:1d2c337425721fd9ac6c6b17698ef8a9795b236a38b0e3c85872a5845ffb0d90", size = 1338 },
]

[[package]]
name = "zipp"
version = "3.6.0"
source = { registry = "https://pypi.org/simple" }
sdist = { url = "https://files.pythonhosted.org/packages/02/bf/0d03dbdedb83afec081fefe86cae3a2447250ef1a81ac601a9a56e785401/zipp-3.6.0.tar.gz", hash = "sha256:71c644c5369f4a6e07636f0aa966270449561fcea2e3d6747b8d23efaa9d7832", size = 13047 }
wheels = [
    { url = "https://files.pythonhosted.org/packages/bd/df/d4a4974a3e3957fd1c1fa3082366d7fff6e428ddb55f074bf64876f8e8ad/zipp-3.6.0-py3-none-any.whl", hash = "sha256:9fe5ea21568a0a70e50f273397638d39b03353731e6cbbb3fd8502a33fec40bc", size = 5313 },
]
